// !$*UTF8*$!
{
	archiveVersion = 1;
	classes = {
	};
	objectVersion = 46;
	objects = {

/* Begin PBXBuildFile section */
		A27095511D0DBA2800EC0F30 /* main.m in Sources */ = {isa = PBXBuildFile; fileRef = A27095501D0DBA2800EC0F30 /* main.m */; };
		A27095541D0DBA2800EC0F30 /* AppDelegate.m in Sources */ = {isa = PBXBuildFile; fileRef = A27095531D0DBA2800EC0F30 /* AppDelegate.m */; };
		A27095571D0DBA2800EC0F30 /* ViewController.m in Sources */ = {isa = PBXBuildFile; fileRef = A27095561D0DBA2800EC0F30 /* ViewController.m */; };
		A270955A1D0DBA2800EC0F30 /* Main.storyboard in Resources */ = {isa = PBXBuildFile; fileRef = A27095581D0DBA2800EC0F30 /* Main.storyboard */; };
		A270955C1D0DBA2800EC0F30 /* Assets.xcassets in Resources */ = {isa = PBXBuildFile; fileRef = A270955B1D0DBA2800EC0F30 /* Assets.xcassets */; };
		A270955F1D0DBA2800EC0F30 /* LaunchScreen.storyboard in Resources */ = {isa = PBXBuildFile; fileRef = A270955D1D0DBA2800EC0F30 /* LaunchScreen.storyboard */; };
		A27095691D0DBA6E00EC0F30 /* RSWordDetectorTextView.m in Sources */ = {isa = PBXBuildFile; fileRef = A27095681D0DBA6E00EC0F30 /* RSWordDetectorTextView.m */; };
/* End PBXBuildFile section */

/* Begin PBXFileReference section */
		A270954C1D0DBA2800EC0F30 /* RSWordDetectorTextView.app */ = {isa = PBXFileReference; explicitFileType = wrapper.application; includeInIndex = 0; path = RSWordDetectorTextView.app; sourceTree = BUILT_PRODUCTS_DIR; };
		A27095501D0DBA2800EC0F30 /* main.m */ = {isa = PBXFileReference; lastKnownFileType = sourcecode.c.objc; path = main.m; sourceTree = "<group>"; };
		A27095521D0DBA2800EC0F30 /* AppDelegate.h */ = {isa = PBXFileReference; lastKnownFileType = sourcecode.c.h; path = AppDelegate.h; sourceTree = "<group>"; };
		A27095531D0DBA2800EC0F30 /* AppDelegate.m */ = {isa = PBXFileReference; lastKnownFileType = sourcecode.c.objc; path = AppDelegate.m; sourceTree = "<group>"; };
		A27095551D0DBA2800EC0F30 /* ViewController.h */ = {isa = PBXFileReference; lastKnownFileType = sourcecode.c.h; path = ViewController.h; sourceTree = "<group>"; };
		A27095561D0DBA2800EC0F30 /* ViewController.m */ = {isa = PBXFileReference; lastKnownFileType = sourcecode.c.objc; path = ViewController.m; sourceTree = "<group>"; };
		A27095591D0DBA2800EC0F30 /* Base */ = {isa = PBXFileReference; lastKnownFileType = file.storyboard; name = Base; path = Base.lproj/Main.storyboard; sourceTree = "<group>"; };
		A270955B1D0DBA2800EC0F30 /* Assets.xcassets */ = {isa = PBXFileReference; lastKnownFileType = folder.assetcatalog; path = Assets.xcassets; sourceTree = "<group>"; };
		A270955E1D0DBA2800EC0F30 /* Base */ = {isa = PBXFileReference; lastKnownFileType = file.storyboard; name = Base; path = Base.lproj/LaunchScreen.storyboard; sourceTree = "<group>"; };
		A27095601D0DBA2800EC0F30 /* Info.plist */ = {isa = PBXFileReference; lastKnownFileType = text.plist.xml; path = Info.plist; sourceTree = "<group>"; };
		A27095671D0DBA6E00EC0F30 /* RSWordDetectorTextView.h */ = {isa = PBXFileReference; fileEncoding = 4; lastKnownFileType = sourcecode.c.h; path = RSWordDetectorTextView.h; sourceTree = "<group>"; };
		A27095681D0DBA6E00EC0F30 /* RSWordDetectorTextView.m */ = {isa = PBXFileReference; fileEncoding = 4; lastKnownFileType = sourcecode.c.objc; path = RSWordDetectorTextView.m; sourceTree = "<group>"; };
/* End PBXFileReference section */

/* Begin PBXFrameworksBuildPhase section */
		A27095491D0DBA2800EC0F30 /* Frameworks */ = {
			isa = PBXFrameworksBuildPhase;
			buildActionMask = 2147483647;
			files = (
			);
			runOnlyForDeploymentPostprocessing = 0;
		};
/* End PBXFrameworksBuildPhase section */

/* Begin PBXGroup section */
		A27095431D0DBA2800EC0F30 = {
			isa = PBXGroup;
			children = (
				A270954E1D0DBA2800EC0F30 /* RSWordDetectorTextView */,
				A270954D1D0DBA2800EC0F30 /* Products */,
			);
			sourceTree = "<group>";
		};
		A270954D1D0DBA2800EC0F30 /* Products */ = {
			isa = PBXGroup;
			children = (
				A270954C1D0DBA2800EC0F30 /* RSWordDetectorTextView.app */,
			);
			name = Products;
			sourceTree = "<group>";
		};
		A270954E1D0DBA2800EC0F30 /* RSWordDetectorTextView */ = {
			isa = PBXGroup;
			children = (
				A27095661D0DBA6E00EC0F30 /* RSWordDetector */,
				A27095521D0DBA2800EC0F30 /* AppDelegate.h */,
				A27095531D0DBA2800EC0F30 /* AppDelegate.m */,
				A27095551D0DBA2800EC0F30 /* ViewController.h */,
				A27095561D0DBA2800EC0F30 /* ViewController.m */,
				A27095581D0DBA2800EC0F30 /* Main.storyboard */,
				A270955B1D0DBA2800EC0F30 /* Assets.xcassets */,
				A270955D1D0DBA2800EC0F30 /* LaunchScreen.storyboard */,
				A27095601D0DBA2800EC0F30 /* Info.plist */,
				A270954F1D0DBA2800EC0F30 /* Supporting Files */,
			);
			path = RSWordDetectorTextView;
			sourceTree = "<group>";
		};
		A270954F1D0DBA2800EC0F30 /* Supporting Files */ = {
			isa = PBXGroup;
			children = (
				A27095501D0DBA2800EC0F30 /* main.m */,
			);
			name = "Supporting Files";
			sourceTree = "<group>";
		};
		A27095661D0DBA6E00EC0F30 /* RSWordDetector */ = {
			isa = PBXGroup;
			children = (
				A27095671D0DBA6E00EC0F30 /* RSWordDetectorTextView.h */,
				A27095681D0DBA6E00EC0F30 /* RSWordDetectorTextView.m */,
			);
			path = RSWordDetector;
			sourceTree = SOURCE_ROOT;
		};
/* End PBXGroup section */

/* Begin PBXNativeTarget section */
		A270954B1D0DBA2800EC0F30 /* RSWordDetectorTextView */ = {
			isa = PBXNativeTarget;
			buildConfigurationList = A27095631D0DBA2800EC0F30 /* Build configuration list for PBXNativeTarget "RSWordDetectorTextView" */;
			buildPhases = (
				A27095481D0DBA2800EC0F30 /* Sources */,
				A27095491D0DBA2800EC0F30 /* Frameworks */,
				A270954A1D0DBA2800EC0F30 /* Resources */,
			);
			buildRules = (
			);
			dependencies = (
			);
			name = RSWordDetectorTextView;
			productName = RSWordDetectorTextView;
			productReference = A270954C1D0DBA2800EC0F30 /* RSWordDetectorTextView.app */;
			productType = "com.apple.product-type.application";
		};
/* End PBXNativeTarget section */

/* Begin PBXProject section */
		A27095441D0DBA2800EC0F30 /* Project object */ = {
			isa = PBXProject;
			attributes = {
				LastUpgradeCheck = 0710;
				ORGANIZATIONNAME = "Rushi Sangani";
				TargetAttributes = {
					A270954B1D0DBA2800EC0F30 = {
						CreatedOnToolsVersion = 7.1;
					};
				};
			};
			buildConfigurationList = A27095471D0DBA2800EC0F30 /* Build configuration list for PBXProject "RSWordDetectorTextView" */;
			compatibilityVersion = "Xcode 3.2";
			developmentRegion = English;
			hasScannedForEncodings = 0;
			knownRegions = (
				en,
				Base,
			);
			mainGroup = A27095431D0DBA2800EC0F30;
			productRefGroup = A270954D1D0DBA2800EC0F30 /* Products */;
			projectDirPath = "";
			projectRoot = "";
			targets = (
				A270954B1D0DBA2800EC0F30 /* RSWordDetectorTextView */,
			);
		};
/* End PBXProject section */

/* Begin PBXResourcesBuildPhase section */
		A270954A1D0DBA2800EC0F30 /* Resources */ = {
			isa = PBXResourcesBuildPhase;
			buildActionMask = 2147483647;
			files = (
				A270955F1D0DBA2800EC0F30 /* LaunchScreen.storyboard in Resources */,
				A270955C1D0DBA2800EC0F30 /* Assets.xcassets in Resources */,
				A270955A1D0DBA2800EC0F30 /* Main.storyboard in Resources */,
			);
			runOnlyForDeploymentPostprocessing = 0;
		};
/* End PBXResourcesBuildPhase section */

/* Begin PBXSourcesBuildPhase section */
		A27095481D0DBA2800EC0F30 /* Sources */ = {
			isa = PBXSourcesBuildPhase;
			buildActionMask = 2147483647;
			files = (
				A27095571D0DBA2800EC0F30 /* ViewController.m in Sources */,
				A27095541D0DBA2800EC0F30 /* AppDelegate.m in Sources */,
				A27095691D0DBA6E00EC0F30 /* RSWordDetectorTextView.m in Sources */,
				A27095511D0DBA2800EC0F30 /* main.m in Sources */,
			);
			runOnlyForDeploymentPostprocessing = 0;
		};
/* End PBXSourcesBuildPhase section */

/* Begin PBXVariantGroup section */
		A27095581D0DBA2800EC0F30 /* Main.storyboard */ = {
			isa = PBXVariantGroup;
			children = (
				A27095591D0DBA2800EC0F30 /* Base */,
			);
			name = Main.storyboard;
			sourceTree = "<group>";
		};
		A270955D1D0DBA2800EC0F30 /* LaunchScreen.storyboard */ = {
			isa = PBXVariantGroup;
			children = (
				A270955E1D0DBA2800EC0F30 /* Base */,
			);
			name = LaunchScreen.storyboard;
			sourceTree = "<group>";
		};
/* End PBXVariantGroup section */

/* Begin XCBuildConfiguration section */
		A27095611D0DBA2800EC0F30 /* Debug */ = {
			isa = XCBuildConfiguration;
			buildSettings = {
				ALWAYS_SEARCH_USER_PATHS = NO;
				CLANG_CXX_LANGUAGE_STANDARD = "gnu++0x";
				CLANG_CXX_LIBRARY = "libc++";
				CLANG_ENABLE_MODULES = YES;
				CLANG_ENABLE_OBJC_ARC = YES;
				CLANG_WARN_BOOL_CONVERSION = YES;
				CLANG_WARN_CONSTANT_CONVERSION = YES;
				CLANG_WARN_DIRECT_OBJC_ISA_USAGE = YES_ERROR;
				CLANG_WARN_EMPTY_BODY = YES;
				CLANG_WARN_ENUM_CONVERSION = YES;
				CLANG_WARN_INT_CONVERSION = YES;
				CLANG_WARN_OBJC_ROOT_CLASS = YES_ERROR;
				CLANG_WARN_UNREACHABLE_CODE = YES;
				CLANG_WARN__DUPLICATE_METHOD_MATCH = YES;
				"CODE_SIGN_IDENTITY[sdk=iphoneos*]" = "iPhone Developer";
				COPY_PHASE_STRIP = NO;
				DEBUG_INFORMATION_FORMAT = dwarf;
				ENABLE_STRICT_OBJC_MSGSEND = YES;
				ENABLE_TESTABILITY = YES;
				GCC_C_LANGUAGE_STANDARD = gnu99;
				GCC_DYNAMIC_NO_PIC = NO;
				GCC_NO_COMMON_BLOCKS = YES;
				GCC_OPTIMIZATION_LEVEL = 0;
				GCC_PREPROCESSOR_DEFINITIONS = (
					"DEBUG=1",
					"$(inherited)",
				);
				GCC_WARN_64_TO_32_BIT_CONVERSION = YES;
				GCC_WARN_ABOUT_RETURN_TYPE = YES_ERROR;
				GCC_WARN_UNDECLARED_SELECTOR = YES;
				GCC_WARN_UNINITIALIZED_AUTOS = YES_AGGRESSIVE;
				GCC_WARN_UNUSED_FUNCTION = YES;
				GCC_WARN_UNUSED_VARIABLE = YES;
				IPHONEOS_DEPLOYMENT_TARGET = 9.1;
				MTL_ENABLE_DEBUG_INFO = YES;
				ONLY_ACTIVE_ARCH = YES;
				SDKROOT = iphoneos;
			};
			name = Debug;
		};
		A27095621D0DBA2800EC0F30 /* Release */ = {
			isa = XCBuildConfiguration;
			buildSettings = {
				ALWAYS_SEARCH_USER_PATHS = NO;
				CLANG_CXX_LANGUAGE_STANDARD = "gnu++0x";
				CLANG_CXX_LIBRARY = "libc++";
				CLANG_ENABLE_MODULES = YES;
				CLANG_ENABLE_OBJC_ARC = YES;
				CLANG_WARN_BOOL_CONVERSION = YES;
				CLANG_WARN_CONSTANT_CONVERSION = YES;
				CLANG_WARN_DIRECT_OBJC_ISA_USAGE = YES_ERROR;
				CLANG_WARN_EMPTY_BODY = YES;
				CLANG_WARN_ENUM_CONVERSION = YES;
				CLANG_WARN_INT_CONVERSION = YES;
				CLANG_WARN_OBJC_ROOT_CLASS = YES_ERROR;
				CLANG_WARN_UNREACHABLE_CODE = YES;
				CLANG_WARN__DUPLICATE_METHOD_MATCH = YES;
				"CODE_SIGN_IDENTITY[sdk=iphoneos*]" = "iPhone Developer";
				COPY_PHASE_STRIP = NO;
				DEBUG_INFORMATION_FORMAT = "dwarf-with-dsym";
				ENABLE_NS_ASSERTIONS = NO;
				ENABLE_STRICT_OBJC_MSGSEND = YES;
				GCC_C_LANGUAGE_STANDARD = gnu99;
				GCC_NO_COMMON_BLOCKS = YES;
				GCC_WARN_64_TO_32_BIT_CONVERSION = YES;
				GCC_WARN_ABOUT_RETURN_TYPE = YES_ERROR;
				GCC_WARN_UNDECLARED_SELECTOR = YES;
				GCC_WARN_UNINITIALIZED_AUTOS = YES_AGGRESSIVE;
				GCC_WARN_UNUSED_FUNCTION = YES;
				GCC_WARN_UNUSED_VARIABLE = YES;
				IPHONEOS_DEPLOYMENT_TARGET = 9.1;
				MTL_ENABLE_DEBUG_INFO = NO;
				SDKROOT = iphoneos;
				VALIDATE_PRODUCT = YES;
			};
			name = Release;
		};
		A27095641D0DBA2800EC0F30 /* Debug */ = {
			isa = XCBuildConfiguration;
			buildSettings = {
				ASSETCATALOG_COMPILER_APPICON_NAME = AppIcon;
				INFOPLIST_FILE = RSWordDetectorTextView/Info.plist;
				LD_RUNPATH_SEARCH_PATHS = "$(inherited) @executable_path/Frameworks";
				PRODUCT_BUNDLE_IDENTIFIER = com.rushi.RSWordDetectorTextView;
				PRODUCT_NAME = "$(TARGET_NAME)";
			};
			name = Debug;
		};
		A27095651D0DBA2800EC0F30 /* Release */ = {
			isa = XCBuildConfiguration;
			buildSettings = {
				ASSETCATALOG_COMPILER_APPICON_NAME = AppIcon;
				INFOPLIST_FILE = RSWordDetectorTextView/Info.plist;
				LD_RUNPATH_SEARCH_PATHS = "$(inherited) @executable_path/Frameworks";
				PRODUCT_BUNDLE_IDENTIFIER = com.rushi.RSWordDetectorTextView;
				PRODUCT_NAME = "$(TARGET_NAME)";
			};
			name = Release;
		};
/* End XCBuildConfiguration section */

/* Begin XCConfigurationList section */
		A27095471D0DBA2800EC0F30 /* Build configuration list for PBXProject "RSWordDetectorTextView" */ = {
			isa = XCConfigurationList;
			buildConfigurations = (
				A27095611D0DBA2800EC0F30 /* Debug */,
				A27095621D0DBA2800EC0F30 /* Release */,
			);
			defaultConfigurationIsVisible = 0;
			defaultConfigurationName = Release;
		};
		A27095631D0DBA2800EC0F30 /* Build configuration list for PBXNativeTarget "RSWordDetectorTextView" */ = {
			isa = XCConfigurationList;
			buildConfigurations = (
				A27095641D0DBA2800EC0F30 /* Debug */,
				A27095651D0DBA2800EC0F30 /* Release */,
			);
			defaultConfigurationIsVisible = 0;
		};
/* End XCConfigurationList section */
	};
	rootObject = A27095441D0DBA2800EC0F30 /* Project object */;
}
